
Microsoft Visual Studio Solution File, Format Version 12.00
# Visual Studio Version 16
VisualStudioVersion = 16.0.31105.61
MinimumVisualStudioVersion = 10.0.40219.1
Project("{FAE04EC0-301F-11D3-BF4B-00C04F79EFBC}") = "ExchangeRate.OnlainApp", "ExchangeRate.OnlainApp.csproj", "{3C2DAEA5-1A5B-4787-A6DD-997DFD62D6A1}"
EndProject
Project("{FAE04EC0-301F-11D3-BF4B-00C04F79EFBC}") = "ExchangeRate.Value", "..\ExchangeRate.Value\ExchangeRate.Value.csproj", "{FDBC2BA5-D4C3-41E8-8F1B-264E2E249ED2}"
EndProject
Global
	GlobalSection(SolutionConfigurationPlatforms) = preSolution
		Debug|Any CPU = Debug|Any CPU
		Release|Any CPU = Release|Any CPU
	EndGlobalSection
	GlobalSection(ProjectConfigurationPlatforms) = postSolution
		{3C2DAEA5-1A5B-4787-A6DD-997DFD62D6A1}.Debug|Any CPU.ActiveCfg = Debug|Any CPU
		{3C2DAEA5-1A5B-4787-A6DD-997DFD62D6A1}.Debug|Any CPU.Build.0 = Debug|Any CPU
		{3C2DAEA5-1A5B-4787-A6DD-997DFD62D6A1}.Release|Any CPU.ActiveCfg = Release|Any CPU
		{3C2DAEA5-1A5B-4787-A6DD-997DFD62D6A1}.Release|Any CPU.Build.0 = Release|Any CPU
		{FDBC2BA5-D4C3-41E8-8F1B-264E2E249ED2}.Debug|Any CPU.ActiveCfg = Debug|Any CPU
		{FDBC2BA5-D4C3-41E8-8F1B-264E2E249ED2}.Debug|Any CPU.Build.0 = Debug|Any CPU
		{FDBC2BA5-D4C3-41E8-8F1B-264E2E249ED2}.Release|Any CPU.ActiveCfg = Release|Any CPU
		{FDBC2BA5-D4C3-41E8-8F1B-264E2E249ED2}.Release|Any CPU.Build.0 = Release|Any CPU
	EndGlobalSection
	GlobalSection(SolutionProperties) = preSolution
		HideSolutionNode = FALSE
	EndGlobalSection
	GlobalSection(ExtensibilityGlobals) = postSolution
		SolutionGuid = {11F41574-9273-4113-A09B-BD56FB8F8FED}
	EndGlobalSection
EndGlobal
